// !$*UTF8*$!
{
	archiveVersion = 1;
	classes = {
	};
	objectVersion = 48;
	objects = {

/* Begin PBXBuildFile section */
		357C992F1F173B4A00C28B96 /* Main.storyboard in Resources */ = {isa = PBXBuildFile; fileRef = 357C99311F173B4A00C28B96 /* Main.storyboard */; };
		357C99331F17419700C28B96 /* music.mp3 in Resources */ = {isa = PBXBuildFile; fileRef = 357C99321F17419700C28B96 /* music.mp3 */; };
		357FFF201F168ABD00B21A41 /* AppDelegate.swift in Sources */ = {isa = PBXBuildFile; fileRef = 357FFF1F1F168ABD00B21A41 /* AppDelegate.swift */; };
		357FFF221F168ABD00B21A41 /* ViewController.swift in Sources */ = {isa = PBXBuildFile; fileRef = 357FFF211F168ABD00B21A41 /* ViewController.swift */; };
		357FFF271F168ABD00B21A41 /* Assets.xcassets in Resources */ = {isa = PBXBuildFile; fileRef = 357FFF261F168ABD00B21A41 /* Assets.xcassets */; };
		357FFF2A1F168ABD00B21A41 /* LaunchScreen.storyboard in Resources */ = {isa = PBXBuildFile; fileRef = 357FFF281F168ABD00B21A41 /* LaunchScreen.storyboard */; };
		357FFF321F16BE6400B21A41 /* pokemon.csv in Resources */ = {isa = PBXBuildFile; fileRef = 357FFF311F16BE5000B21A41 /* pokemon.csv */; };
		357FFF351F16C47200B21A41 /* Pokemon.swift in Sources */ = {isa = PBXBuildFile; fileRef = 357FFF341F16C47200B21A41 /* Pokemon.swift */; };
		35963E8F1F16EA8E008038AA /* pokemon.ttf in Resources */ = {isa = PBXBuildFile; fileRef = 35963E8E1F16EA8E008038AA /* pokemon.ttf */; };
		35ED5FFF1F16D8B0007674BB /* PokeCell.swift in Sources */ = {isa = PBXBuildFile; fileRef = 35ED5FFE1F16D8B0007674BB /* PokeCell.swift */; };
		35ED60031F16E0AE007674BB /* csv.swift in Sources */ = {isa = PBXBuildFile; fileRef = 35ED60021F16E0AE007674BB /* csv.swift */; };
		35F5773C1F19599A00EF73FC /* PokemonDetailViewController.swift in Sources */ = {isa = PBXBuildFile; fileRef = 35F5773B1F19599A00EF73FC /* PokemonDetailViewController.swift */; };
/* End PBXBuildFile section */

/* Begin PBXFileReference section */
		357C99301F173B4A00C28B96 /* Base */ = {isa = PBXFileReference; lastKnownFileType = file.storyboard; name = Base; path = Base.lproj/Main.storyboard; sourceTree = "<group>"; };
		357C99321F17419700C28B96 /* music.mp3 */ = {isa = PBXFileReference; lastKnownFileType = audio.mp3; name = music.mp3; path = ../../../../../../Downloads/pokedex3/pokedex3/music.mp3; sourceTree = "<group>"; };
		357FFF1C1F168ABD00B21A41 /* Pokedex.app */ = {isa = PBXFileReference; explicitFileType = wrapper.application; includeInIndex = 0; path = Pokedex.app; sourceTree = BUILT_PRODUCTS_DIR; };
		357FFF1F1F168ABD00B21A41 /* AppDelegate.swift */ = {isa = PBXFileReference; lastKnownFileType = sourcecode.swift; path = AppDelegate.swift; sourceTree = "<group>"; };
		357FFF211F168ABD00B21A41 /* ViewController.swift */ = {isa = PBXFileReference; lastKnownFileType = sourcecode.swift; path = ViewController.swift; sourceTree = "<group>"; };
		357FFF261F168ABD00B21A41 /* Assets.xcassets */ = {isa = PBXFileReference; lastKnownFileType = folder.assetcatalog; path = Assets.xcassets; sourceTree = "<group>"; };
		357FFF291F168ABD00B21A41 /* Base */ = {isa = PBXFileReference; lastKnownFileType = file.storyboard; name = Base; path = Base.lproj/LaunchScreen.storyboard; sourceTree = "<group>"; };
		357FFF2B1F168ABD00B21A41 /* Info.plist */ = {isa = PBXFileReference; lastKnownFileType = text.plist.xml; path = Info.plist; sourceTree = "<group>"; };
		357FFF311F16BE5000B21A41 /* pokemon.csv */ = {isa = PBXFileReference; fileEncoding = 4; lastKnownFileType = text; path = pokemon.csv; sourceTree = "<group>"; };
		357FFF341F16C47200B21A41 /* Pokemon.swift */ = {isa = PBXFileReference; lastKnownFileType = sourcecode.swift; path = Pokemon.swift; sourceTree = "<group>"; };
		35963E8E1F16EA8E008038AA /* pokemon.ttf */ = {isa = PBXFileReference; lastKnownFileType = file; path = pokemon.ttf; sourceTree = "<group>"; };
		35ED5FFE1F16D8B0007674BB /* PokeCell.swift */ = {isa = PBXFileReference; lastKnownFileType = sourcecode.swift; path = PokeCell.swift; sourceTree = "<group>"; };
		35ED60021F16E0AE007674BB /* csv.swift */ = {isa = PBXFileReference; lastKnownFileType = sourcecode.swift; path = csv.swift; sourceTree = "<group>"; };
		35F5773B1F19599A00EF73FC /* PokemonDetailViewController.swift */ = {isa = PBXFileReference; lastKnownFileType = sourcecode.swift; path = PokemonDetailViewController.swift; sourceTree = "<group>"; };
/* End PBXFileReference section */

/* Begin PBXFrameworksBuildPhase section */
		357FFF191F168ABD00B21A41 /* Frameworks */ = {
			isa = PBXFrameworksBuildPhase;
			buildActionMask = 2147483647;
			files = (
			);
			runOnlyForDeploymentPostprocessing = 0;
		};
/* End PBXFrameworksBuildPhase section */

/* Begin PBXGroup section */
		357FFF131F168ABD00B21A41 = {
			isa = PBXGroup;
			children = (
				357FFF1E1F168ABD00B21A41 /* Pokedex */,
				357FFF1D1F168ABD00B21A41 /* Products */,
			);
			sourceTree = "<group>";
		};
		357FFF1D1F168ABD00B21A41 /* Products */ = {
			isa = PBXGroup;
			children = (
				357FFF1C1F168ABD00B21A41 /* Pokedex.app */,
			);
			name = Products;
			sourceTree = "<group>";
		};
		357FFF1E1F168ABD00B21A41 /* Pokedex */ = {
			isa = PBXGroup;
			children = (
				35963E901F16EAA5008038AA /* Controller */,
				35ED5FFD1F16D87E007674BB /* View */,
				357FFF331F16C46400B21A41 /* Model */,
				35963E911F16EABD008038AA /* Resources */,
				35963E921F16EAE3008038AA /* Util */,
				357FFF1F1F168ABD00B21A41 /* AppDelegate.swift */,
				357C99311F173B4A00C28B96 /* Main.storyboard */,
				357FFF281F168ABD00B21A41 /* LaunchScreen.storyboard */,
				357FFF261F168ABD00B21A41 /* Assets.xcassets */,
				357FFF2B1F168ABD00B21A41 /* Info.plist */,
			);
			path = Pokedex;
			sourceTree = "<group>";
		};
		357FFF331F16C46400B21A41 /* Model */ = {
			isa = PBXGroup;
			children = (
				357FFF341F16C47200B21A41 /* Pokemon.swift */,
			);
			path = Model;
			sourceTree = "<group>";
		};
		35963E901F16EAA5008038AA /* Controller */ = {
			isa = PBXGroup;
			children = (
				357FFF211F168ABD00B21A41 /* ViewController.swift */,
				35F5773B1F19599A00EF73FC /* PokemonDetailViewController.swift */,
			);
			path = Controller;
			sourceTree = "<group>";
		};
		35963E911F16EABD008038AA /* Resources */ = {
			isa = PBXGroup;
			children = (
				35963E8E1F16EA8E008038AA /* pokemon.ttf */,
				357FFF311F16BE5000B21A41 /* pokemon.csv */,
				357C99321F17419700C28B96 /* music.mp3 */,
			);
			path = Resources;
			sourceTree = "<group>";
		};
		35963E921F16EAE3008038AA /* Util */ = {
			isa = PBXGroup;
			children = (
				35ED60021F16E0AE007674BB /* csv.swift */,
			);
			path = Util;
			sourceTree = "<group>";
		};
		35ED5FFD1F16D87E007674BB /* View */ = {
			isa = PBXGroup;
			children = (
				35ED5FFE1F16D8B0007674BB /* PokeCell.swift */,
			);
			path = View;
			sourceTree = "<group>";
		};
/* End PBXGroup section */

/* Begin PBXNativeTarget section */
		357FFF1B1F168ABD00B21A41 /* Pokedex */ = {
			isa = PBXNativeTarget;
			buildConfigurationList = 357FFF2E1F168ABD00B21A41 /* Build configuration list for PBXNativeTarget "Pokedex" */;
			buildPhases = (
				357FFF181F168ABD00B21A41 /* Sources */,
				357FFF191F168ABD00B21A41 /* Frameworks */,
				357FFF1A1F168ABD00B21A41 /* Resources */,
			);
			buildRules = (
			);
			dependencies = (
			);
			name = Pokedex;
			productName = Pokedex;
			productReference = 357FFF1C1F168ABD00B21A41 /* Pokedex.app */;
			productType = "com.apple.product-type.application";
		};
/* End PBXNativeTarget section */

/* Begin PBXProject section */
		357FFF141F168ABD00B21A41 /* Project object */ = {
			isa = PBXProject;
			attributes = {
				LastSwiftUpdateCheck = 0900;
				LastUpgradeCheck = 0900;
				ORGANIZATIONNAME = "Dobson Studios";
				TargetAttributes = {
					357FFF1B1F168ABD00B21A41 = {
						CreatedOnToolsVersion = 9.0;
						LastSwiftMigration = 0900;
					};
				};
			};
			buildConfigurationList = 357FFF171F168ABD00B21A41 /* Build configuration list for PBXProject "Pokedex" */;
			compatibilityVersion = "Xcode 8.0";
			developmentRegion = en;
			hasScannedForEncodings = 0;
			knownRegions = (
				en,
				Base,
			);
			mainGroup = 357FFF131F168ABD00B21A41;
			productRefGroup = 357FFF1D1F168ABD00B21A41 /* Products */;
			projectDirPath = "";
			projectRoot = "";
			targets = (
				357FFF1B1F168ABD00B21A41 /* Pokedex */,
			);
		};
/* End PBXProject section */

/* Begin PBXResourcesBuildPhase section */
		357FFF1A1F168ABD00B21A41 /* Resources */ = {
			isa = PBXResourcesBuildPhase;
			buildActionMask = 2147483647;
			files = (
				35963E8F1F16EA8E008038AA /* pokemon.ttf in Resources */,
				357C992F1F173B4A00C28B96 /* Main.storyboard in Resources */,
				357C99331F17419700C28B96 /* music.mp3 in Resources */,
				357FFF2A1F168ABD00B21A41 /* LaunchScreen.storyboard in Resources */,
				357FFF271F168ABD00B21A41 /* Assets.xcassets in Resources */,
				357FFF321F16BE6400B21A41 /* pokemon.csv in Resources */,
			);
			runOnlyForDeploymentPostprocessing = 0;
		};
/* End PBXResourcesBuildPhase section */

/* Begin PBXSourcesBuildPhase section */
		357FFF181F168ABD00B21A41 /* Sources */ = {
			isa = PBXSourcesBuildPhase;
			buildActionMask = 2147483647;
			files = (
				35ED5FFF1F16D8B0007674BB /* PokeCell.swift in Sources */,
				357FFF221F168ABD00B21A41 /* ViewController.swift in Sources */,
				357FFF201F168ABD00B21A41 /* AppDelegate.swift in Sources */,
				357FFF351F16C47200B21A41 /* Pokemon.swift in Sources */,
				35ED60031F16E0AE007674BB /* csv.swift in Sources */,
				35F5773C1F19599A00EF73FC /* PokemonDetailViewController.swift in Sources */,
			);
			runOnlyForDeploymentPostprocessing = 0;
		};
/* End PBXSourcesBuildPhase section */

/* Begin PBXVariantGroup section */
		357C99311F173B4A00C28B96 /* Main.storyboard */ = {
			isa = PBXVariantGroup;
			children = (
				357C99301F173B4A00C28B96 /* Base */,
			);
			name = Main.storyboard;
			sourceTree = "<group>";
		};
		357FFF281F168ABD00B21A41 /* LaunchScreen.storyboard */ = {
			isa = PBXVariantGroup;
			children = (
				357FFF291F168ABD00B21A41 /* Base */,
			);
			name = LaunchScreen.storyboard;
			sourceTree = "<group>";
		};
/* End PBXVariantGroup section */

/* Begin XCBuildConfiguration section */
		357FFF2C1F168ABD00B21A41 /* Debug */ = {
			isa = XCBuildConfiguration;
			buildSettings = {
				ALWAYS_SEARCH_USER_PATHS = NO;
				CLANG_ANALYZER_NONNULL = YES;
				CLANG_ANALYZER_NUMBER_OBJECT_CONVERSION = YES_AGGRESSIVE;
				CLANG_CXX_LANGUAGE_STANDARD = "gnu++14";
				CLANG_CXX_LIBRARY = "libc++";
				CLANG_ENABLE_MODULES = YES;
				CLANG_ENABLE_OBJC_ARC = YES;
				CLANG_WARN_BLOCK_CAPTURE_AUTORELEASING = YES;
				CLANG_WARN_BOOL_CONVERSION = YES;
				CLANG_WARN_COMMA = YES;
				CLANG_WARN_CONSTANT_CONVERSION = YES;
				CLANG_WARN_DIRECT_OBJC_ISA_USAGE = YES_ERROR;
				CLANG_WARN_DOCUMENTATION_COMMENTS = YES;
				CLANG_WARN_EMPTY_BODY = YES;
				CLANG_WARN_ENUM_CONVERSION = YES;
				CLANG_WARN_INFINITE_RECURSION = YES;
				CLANG_WARN_INT_CONVERSION = YES;
				CLANG_WARN_OBJC_ROOT_CLASS = YES_ERROR;
				CLANG_WARN_RANGE_LOOP_ANALYSIS = YES;
				CLANG_WARN_STRICT_PROTOTYPES = YES;
				CLANG_WARN_SUSPICIOUS_MOVE = YES;
				CLANG_WARN_UNGUARDED_AVAILABILITY = YES_AGGRESSIVE;
				CLANG_WARN_UNREACHABLE_CODE = YES;
				CLANG_WARN__DUPLICATE_METHOD_MATCH = YES;
				CODE_SIGN_IDENTITY = "iPhone Developer";
				COPY_PHASE_STRIP = NO;
				DEBUG_INFORMATION_FORMAT = dwarf;
				ENABLE_STRICT_OBJC_MSGSEND = YES;
				ENABLE_TESTABILITY = YES;
				GCC_C_LANGUAGE_STANDARD = gnu11;
				GCC_DYNAMIC_NO_PIC = NO;
				GCC_NO_COMMON_BLOCKS = YES;
				GCC_OPTIMIZATION_LEVEL = 0;
				GCC_PREPROCESSOR_DEFINITIONS = (
					"DEBUG=1",
					"$(inherited)",
				);
				GCC_WARN_64_TO_32_BIT_CONVERSION = YES;
				GCC_WARN_ABOUT_RETURN_TYPE = YES_ERROR;
				GCC_WARN_UNDECLARED_SELECTOR = YES;
				GCC_WARN_UNINITIALIZED_AUTOS = YES_AGGRESSIVE;
				GCC_WARN_UNUSED_FUNCTION = YES;
				GCC_WARN_UNUSED_VARIABLE = YES;
				IPHONEOS_DEPLOYMENT_TARGET = 11.0;
				MTL_ENABLE_DEBUG_INFO = YES;
				ONLY_ACTIVE_ARCH = YES;
				SDKROOT = iphoneos;
				SWIFT_ACTIVE_COMPILATION_CONDITIONS = DEBUG;
				SWIFT_OPTIMIZATION_LEVEL = "-Onone";
			};
			name = Debug;
		};
		357FFF2D1F168ABD00B21A41 /* Release */ = {
			isa = XCBuildConfiguration;
			buildSettings = {
				ALWAYS_SEARCH_USER_PATHS = NO;
				CLANG_ANALYZER_NONNULL = YES;
				CLANG_ANALYZER_NUMBER_OBJECT_CONVERSION = YES_AGGRESSIVE;
				CLANG_CXX_LANGUAGE_STANDARD = "gnu++14";
				CLANG_CXX_LIBRARY = "libc++";
				CLANG_ENABLE_MODULES = YES;
				CLANG_ENABLE_OBJC_ARC = YES;
				CLANG_WARN_BLOCK_CAPTURE_AUTORELEASING = YES;
				CLANG_WARN_BOOL_CONVERSION = YES;
				CLANG_WARN_COMMA = YES;
				CLANG_WARN_CONSTANT_CONVERSION = YES;
				CLANG_WARN_DIRECT_OBJC_ISA_USAGE = YES_ERROR;
				CLANG_WARN_DOCUMENTATION_COMMENTS = YES;
				CLANG_WARN_EMPTY_BODY = YES;
				CLANG_WARN_ENUM_CONVERSION = YES;
				CLANG_WARN_INFINITE_RECURSION = YES;
				CLANG_WARN_INT_CONVERSION = YES;
				CLANG_WARN_OBJC_ROOT_CLASS = YES_ERROR;
				CLANG_WARN_RANGE_LOOP_ANALYSIS = YES;
				CLANG_WARN_STRICT_PROTOTYPES = YES;
				CLANG_WARN_SUSPICIOUS_MOVE = YES;
				CLANG_WARN_UNGUARDED_AVAILABILITY = YES_AGGRESSIVE;
				CLANG_WARN_UNREACHABLE_CODE = YES;
				CLANG_WARN__DUPLICATE_METHOD_MATCH = YES;
				CODE_SIGN_IDENTITY = "iPhone Developer";
				COPY_PHASE_STRIP = NO;
				DEBUG_INFORMATION_FORMAT = "dwarf-with-dsym";
				ENABLE_NS_ASSERTIONS = NO;
				ENABLE_STRICT_OBJC_MSGSEND = YES;
				GCC_C_LANGUAGE_STANDARD = gnu11;
				GCC_NO_COMMON_BLOCKS = YES;
				GCC_WARN_64_TO_32_BIT_CONVERSION = YES;
				GCC_WARN_ABOUT_RETURN_TYPE = YES_ERROR;
				GCC_WARN_UNDECLARED_SELECTOR = YES;
				GCC_WARN_UNINITIALIZED_AUTOS = YES_AGGRESSIVE;
				GCC_WARN_UNUSED_FUNCTION = YES;
				GCC_WARN_UNUSED_VARIABLE = YES;
				IPHONEOS_DEPLOYMENT_TARGET = 11.0;
				MTL_ENABLE_DEBUG_INFO = NO;
				SDKROOT = iphoneos;
				SWIFT_OPTIMIZATION_LEVEL = "-Owholemodule";
				VALIDATE_PRODUCT = YES;
			};
			name = Release;
		};
		357FFF2F1F168ABD00B21A41 /* Debug */ = {
			isa = XCBuildConfiguration;
			buildSettings = {
				ASSETCATALOG_COMPILER_APPICON_NAME = AppIcon;
				DEVELOPMENT_TEAM = JLFK698MRZ;
				INFOPLIST_FILE = Pokedex/Info.plist;
				LD_RUNPATH_SEARCH_PATHS = "$(inherited) @executable_path/Frameworks";
				PRODUCT_BUNDLE_IDENTIFIER = com.DobsonStudios.Pokedex;
				PRODUCT_NAME = "$(TARGET_NAME)";
				SWIFT_SWIFT3_OBJC_INFERENCE = On;
				SWIFT_VERSION = 4.0;
				TARGETED_DEVICE_FAMILY = "1,2";
			};
			name = Debug;
		};
		357FFF301F168ABD00B21A41 /* Release */ = {
			isa = XCBuildConfiguration;
			buildSettings = {
				ASSETCATALOG_COMPILER_APPICON_NAME = AppIcon;
				DEVELOPMENT_TEAM = JLFK698MRZ;
				INFOPLIST_FILE = Pokedex/Info.plist;
				LD_RUNPATH_SEARCH_PATHS = "$(inherited) @executable_path/Frameworks";
				PRODUCT_BUNDLE_IDENTIFIER = com.DobsonStudios.Pokedex;
				PRODUCT_NAME = "$(TARGET_NAME)";
				SWIFT_SWIFT3_OBJC_INFERENCE = On;
				SWIFT_VERSION = 4.0;
				TARGETED_DEVICE_FAMILY = "1,2";
			};
			name = Release;
		};
/* End XCBuildConfiguration section */

/* Begin XCConfigurationList section */
		357FFF171F168ABD00B21A41 /* Build configuration list for PBXProject "Pokedex" */ = {
			isa = XCConfigurationList;
			buildConfigurations = (
				357FFF2C1F168ABD00B21A41 /* Debug */,
				357FFF2D1F168ABD00B21A41 /* Release */,
			);
			defaultConfigurationIsVisible = 0;
			defaultConfigurationName = Release;
		};
		357FFF2E1F168ABD00B21A41 /* Build configuration list for PBXNativeTarget "Pokedex" */ = {
			isa = XCConfigurationList;
			buildConfigurations = (
				357FFF2F1F168ABD00B21A41 /* Debug */,
				357FFF301F168ABD00B21A41 /* Release */,
			);
			defaultConfigurationIsVisible = 0;
			defaultConfigurationName = Release;
		};
/* End XCConfigurationList section */
	};
	rootObject = 357FFF141F168ABD00B21A41 /* Project object */;
}
